Microsoft Visual Studio Solution File, Format Version 12.00
# Visual Studio Version 16
VisualStudioVersion = 16.0.29306.81
MinimumVisualStudioVersion = 10.0.40219.1
Project("{9A19103F-16F7-4668-BE54-9A1E7A4F7556}") = "GenderPayGap.Core", "GenderPayGap.Core\GenderPayGap.Core.csproj", "{7A23F343-E179-4866-B40C-CC5B8FD87695}"
EndProject
Project("{9A19103F-16F7-4668-BE54-9A1E7A4F7556}") = "GenderPayGap.Database", "GenderPayGap.Database\GenderPayGap.Database.csproj", "{F3DB4C50-110C-44BB-A308-B924FA0BE635}"
EndProject
Project("{9A19103F-16F7-4668-BE54-9A1E7A4F7556}") = "GenderPayGap.WebUI", "GenderPayGap.WebUI\GenderPayGap.WebUI.csproj", "{73D4A349-7276-4C72-9C67-A8FD08D7ED82}"
EndProject
Project("{9A19103F-16F7-4668-BE54-9A1E7A4F7556}") = "GenderPayGap.WebJob", "GenderPayGap.WebJob\GenderPayGap.WebJob.csproj", "{1DF71C5E-2C26-43ED-80EA-79317303909F}"
EndProject
Project("{9A19103F-16F7-4668-BE54-9A1E7A4F7556}") = "GenderPayGap.IdentityServer4", "GenderPayGap.IdentityServer4\GenderPayGap.IdentityServer4.csproj", "{F0DBFCDC-2EC9-4181-BF63-1B8F3D585A4E}"
EndProject
Project("{9A19103F-16F7-4668-BE54-9A1E7A4F7556}") = "GenderPayGap.BusinessLogic", "GenderPayGap.BusinessLogic\GenderPayGap.BusinessLogic.csproj", "{700A7499-DF43-4E1D-8519-4A45FAB7C782}"
EndProject
Project("{9A19103F-16F7-4668-BE54-9A1E7A4F7556}") = "GenderPayGap.Tests.Common", "GenderPayGap.Tests.Common\GenderPayGap.Tests.Common.csproj", "{71785F78-2960-4329-997B-2CF7677CA594}"
EndProject
Project("{2150E333-8FDC-42A3-9474-1A3956D46DE8}") = "UnitTests", "UnitTests", "{165A87E4-ED4A-4509-A52C-81748DE7286F}"
EndProject
Project("{2150E333-8FDC-42A3-9474-1A3956D46DE8}") = "Libraries", "Libraries", "{6EB28909-F4E9-402E-A247-01532AAC6841}"
EndProject
Project("{9A19103F-16F7-4668-BE54-9A1E7A4F7556}") = "GenderPayGap.Extensions", "GenderPayGap.Extensions\GenderPayGap.Extensions.csproj", "{EF13B99F-16E1-4F04-BC21-882D146AA7FD}"
EndProject
Project("{9A19103F-16F7-4668-BE54-9A1E7A4F7556}") = "GenderPayGap.BusinessLogic.Tests", "GenderPayGap.UnitTests\GenderPayGap.BusinessLogic.Tests\GenderPayGap.BusinessLogic.Tests.csproj", "{ACF2521C-403C-4C9E-9724-C1B2CC17B2F8}"
EndProject
Project("{9A19103F-16F7-4668-BE54-9A1E7A4F7556}") = "GenderPayGap.WebJob.Tests", "GenderPayGap.UnitTests\GenderPayGap.WebJob.Tests\GenderPayGap.WebJob.Tests.csproj", "{A4D035C6-DDC6-4064-81F4-3184765B177D}"
EndProject
Project("{9A19103F-16F7-4668-BE54-9A1E7A4F7556}") = "GenderPayGap.WebUI.Tests", "GenderPayGap.UnitTests\GenderPayGap.WebUI.Tests\GenderPayGap.WebUI.Tests.csproj", "{ADB4DCF7-1D43-41EF-9FD3-DA4C36D923AB}"
EndProject
Project("{2150E333-8FDC-42A3-9474-1A3956D46DE8}") = "IntegrationTests", "IntegrationTests", "{B5E90979-D1B2-4B06-90D7-2CDFAA261B00}"
EndProject
Project("{9A19103F-16F7-4668-BE54-9A1E7A4F7556}") = "GenderPayGap.Database.Models", "GenderPayGap.Database.Models\GenderPayGap.Database.Models.csproj", "{373FD2AD-1EC2-4415-BBA2-6D1098961D03}"
EndProject
Project("{9A19103F-16F7-4668-BE54-9A1E7A4F7556}") = "GenderPayGap.Extensions.AspNetCore", "GenderPayGap.Extensions.AspNetCore\GenderPayGap.Extensions.AspNetCore.csproj", "{280CF592-7FE9-4DDE-9F9E-42F417F8A0C2}"
EndProject
Project("{9A19103F-16F7-4668-BE54-9A1E7A4F7556}") = "GenderPayGap.Core.Tests", "GenderPayGap.Core.Tests\GenderPayGap.Core.Tests.csproj", "{0DE531BB-3B5C-47C1-8644-0251F73B31A3}"
EndProject
Project("{9A19103F-16F7-4668-BE54-9A1E7A4F7556}") = "GenderPayGap.Database.Tests", "GenderPayGap.Database.Tests\GenderPayGap.Database.Tests.csproj", "{6E500FE9-E063-4F07-89EF-C94F8345A0AB}"
EndProject
Project("{9A19103F-16F7-4668-BE54-9A1E7A4F7556}") = "GenderPayGap.Extensions.AspNetCore.Tests", "GenderPayGap.Extensions.AspNetCore.Tests\GenderPayGap.Extensions.AspNetCore.Tests\GenderPayGap.Extensions.AspNetCore.Tests.csproj", "{F68B4A44-85EF-4DAA-AC28-DB14C10D83C7}"
EndProject
Project("{9A19103F-16F7-4668-BE54-9A1E7A4F7556}") = "GenderPayGap.Extensions.Tests", "GenderPayGap.UnitTests\GenderPayGap.Extensions.Tests\GenderPayGap.Extensions.Tests.csproj", "{FE05F883-4F1C-4C8E-AF41-A08B07C799F2}"
EndProject
Project("{9A19103F-16F7-4668-BE54-9A1E7A4F7556}") = "GenderPayGap.Integration.Tests", "GenderPayGap.IntegrationTests\GenderPayGap.Integration.Tests\GenderPayGap.Integration.Tests.csproj", "{26013934-6DF5-49C7-A825-7FC40D651C3A}"
EndProject
Project("{9A19103F-16F7-4668-BE54-9A1E7A4F7556}") = "GovUkDesignSystem", "GovUkDesignSystem\GovUkDesignSystem.csproj", "{AE3D6DDB-5C46-4149-A74B-4C631FFC1C33}"
EndProject
Project("{9A19103F-16F7-4668-BE54-9A1E7A4F7556}") = "WarmUp", "WarmUp\WarmUp.csproj", "{BE071C9E-B424-4F70-A1EC-6ECB15399C6E}"
EndProject
Project("{2150E333-8FDC-42A3-9474-1A3956D46DE8}") = "Infrastructure", "Infrastructure", "{72B53450-285C-4716-8BF6-5885E53E617F}"
	ProjectSection(SolutionItems) = preProject
		Infrastructure\Conduit.sh = Infrastructure\Conduit.sh
		Infrastructure\ConnectToPaas_Cache_Dev.sh = Infrastructure\ConnectToPaas_Cache_Dev.sh
		Infrastructure\ConnectToPaas_Cache_PreProd.sh = Infrastructure\ConnectToPaas_Cache_PreProd.sh
		Infrastructure\ConnectToPaas_Cache_Prod.sh = Infrastructure\ConnectToPaas_Cache_Prod.sh
		Infrastructure\ConnectToPaas_Cache_Test.sh = Infrastructure\ConnectToPaas_Cache_Test.sh
		Infrastructure\ConnectToPaas_DB_Dev.sh = Infrastructure\ConnectToPaas_DB_Dev.sh
		Infrastructure\ConnectToPaas_DB_PreProd.sh = Infrastructure\ConnectToPaas_DB_PreProd.sh
		Infrastructure\ConnectToPaas_DB_Prod.sh = Infrastructure\ConnectToPaas_DB_Prod.sh
		Infrastructure\ConnectToPaas_DB_Test.sh = Infrastructure\ConnectToPaas_DB_Test.sh
		Infrastructure\CreateEnvironment.sh = Infrastructure\CreateEnvironment.sh
		Infrastructure\DeleteEnvironment.sh = Infrastructure\DeleteEnvironment.sh
		Infrastructure\LoginToGovPaas.sh = Infrastructure\LoginToGovPaas.sh
		Infrastructure\LoginToGovPaasTemplate.sh = Infrastructure\LoginToGovPaasTemplate.sh
	EndProjectSection
EndProject
Project("{2150E333-8FDC-42A3-9474-1A3956D46DE8}") = "Files", "Files", "{9AB0CA8E-5650-4A4E-9DFF-254E8A14F9C8}"
	ProjectSection(SolutionItems) = preProject
		.gitignore = .gitignore
		CONTRIBUTING.md = CONTRIBUTING.md
		LICENSE = LICENSE
		README.md = README.md
	EndProjectSection
EndProject
Project("{9A19103F-16F7-4668-BE54-9A1E7A4F7556}") = "ExampleGovPaasWebApp", "ExampleGovPaasWebApp\ExampleGovPaasWebApp.csproj", "{071105CB-3C1A-45C9-BF68-AB68000AC9AE}"
EndProject
Global
	GlobalSection(SolutionConfigurationPlatforms) = preSolution
		Debug|Any CPU = Debug|Any CPU
		Release|Any CPU = Release|Any CPU
	EndGlobalSection
	GlobalSection(ProjectConfigurationPlatforms) = postSolution
		{7A23F343-E179-4866-B40C-CC5B8FD87695}.Debug|Any CPU.ActiveCfg = Debug|Any CPU
		{7A23F343-E179-4866-B40C-CC5B8FD87695}.Debug|Any CPU.Build.0 = Debug|Any CPU
		{7A23F343-E179-4866-B40C-CC5B8FD87695}.Release|Any CPU.ActiveCfg = Release|Any CPU
		{7A23F343-E179-4866-B40C-CC5B8FD87695}.Release|Any CPU.Build.0 = Release|Any CPU
		{F3DB4C50-110C-44BB-A308-B924FA0BE635}.Debug|Any CPU.ActiveCfg = Debug|Any CPU
		{F3DB4C50-110C-44BB-A308-B924FA0BE635}.Debug|Any CPU.Build.0 = Debug|Any CPU
		{F3DB4C50-110C-44BB-A308-B924FA0BE635}.Release|Any CPU.ActiveCfg = Release|Any CPU
		{F3DB4C50-110C-44BB-A308-B924FA0BE635}.Release|Any CPU.Build.0 = Release|Any CPU
		{73D4A349-7276-4C72-9C67-A8FD08D7ED82}.Debug|Any CPU.ActiveCfg = Debug|Any CPU
		{73D4A349-7276-4C72-9C67-A8FD08D7ED82}.Debug|Any CPU.Build.0 = Debug|Any CPU
		{73D4A349-7276-4C72-9C67-A8FD08D7ED82}.Release|Any CPU.ActiveCfg = Release|Any CPU
		{73D4A349-7276-4C72-9C67-A8FD08D7ED82}.Release|Any CPU.Build.0 = Release|Any CPU
		{1DF71C5E-2C26-43ED-80EA-79317303909F}.Debug|Any CPU.ActiveCfg = Debug|Any CPU
		{1DF71C5E-2C26-43ED-80EA-79317303909F}.Debug|Any CPU.Build.0 = Debug|Any CPU
		{1DF71C5E-2C26-43ED-80EA-79317303909F}.Release|Any CPU.ActiveCfg = Release|Any CPU
		{1DF71C5E-2C26-43ED-80EA-79317303909F}.Release|Any CPU.Build.0 = Release|Any CPU
		{F0DBFCDC-2EC9-4181-BF63-1B8F3D585A4E}.Debug|Any CPU.ActiveCfg = Debug|Any CPU
		{F0DBFCDC-2EC9-4181-BF63-1B8F3D585A4E}.Debug|Any CPU.Build.0 = Debug|Any CPU
		{F0DBFCDC-2EC9-4181-BF63-1B8F3D585A4E}.Release|Any CPU.ActiveCfg = Release|Any CPU
		{F0DBFCDC-2EC9-4181-BF63-1B8F3D585A4E}.Release|Any CPU.Build.0 = Release|Any CPU
		{700A7499-DF43-4E1D-8519-4A45FAB7C782}.Debug|Any CPU.ActiveCfg = Debug|Any CPU
		{700A7499-DF43-4E1D-8519-4A45FAB7C782}.Debug|Any CPU.Build.0 = Debug|Any CPU
		{700A7499-DF43-4E1D-8519-4A45FAB7C782}.Release|Any CPU.ActiveCfg = Release|Any CPU
		{700A7499-DF43-4E1D-8519-4A45FAB7C782}.Release|Any CPU.Build.0 = Release|Any CPU
		{71785F78-2960-4329-997B-2CF7677CA594}.Debug|Any CPU.ActiveCfg = Debug|Any CPU
		{71785F78-2960-4329-997B-2CF7677CA594}.Debug|Any CPU.Build.0 = Debug|Any CPU
		{71785F78-2960-4329-997B-2CF7677CA594}.Release|Any CPU.ActiveCfg = Release|Any CPU
		{71785F78-2960-4329-997B-2CF7677CA594}.Release|Any CPU.Build.0 = Release|Any CPU
		{EF13B99F-16E1-4F04-BC21-882D146AA7FD}.Debug|Any CPU.ActiveCfg = Debug|Any CPU
		{EF13B99F-16E1-4F04-BC21-882D146AA7FD}.Debug|Any CPU.Build.0 = Debug|Any CPU
		{EF13B99F-16E1-4F04-BC21-882D146AA7FD}.Release|Any CPU.ActiveCfg = Release|Any CPU
		{EF13B99F-16E1-4F04-BC21-882D146AA7FD}.Release|Any CPU.Build.0 = Release|Any CPU
		{ACF2521C-403C-4C9E-9724-C1B2CC17B2F8}.Debug|Any CPU.ActiveCfg = Debug|Any CPU
		{ACF2521C-403C-4C9E-9724-C1B2CC17B2F8}.Debug|Any CPU.Build.0 = Debug|Any CPU
		{ACF2521C-403C-4C9E-9724-C1B2CC17B2F8}.Release|Any CPU.ActiveCfg = Release|Any CPU
		{ACF2521C-403C-4C9E-9724-C1B2CC17B2F8}.Release|Any CPU.Build.0 = Release|Any CPU
		{A4D035C6-DDC6-4064-81F4-3184765B177D}.Debug|Any CPU.ActiveCfg = Debug|Any CPU
		{A4D035C6-DDC6-4064-81F4-3184765B177D}.Debug|Any CPU.Build.0 = Debug|Any CPU
		{A4D035C6-DDC6-4064-81F4-3184765B177D}.Release|Any CPU.ActiveCfg = Release|Any CPU
		{A4D035C6-DDC6-4064-81F4-3184765B177D}.Release|Any CPU.Build.0 = Release|Any CPU
		{ADB4DCF7-1D43-41EF-9FD3-DA4C36D923AB}.Debug|Any CPU.ActiveCfg = Debug|Any CPU
		{ADB4DCF7-1D43-41EF-9FD3-DA4C36D923AB}.Debug|Any CPU.Build.0 = Debug|Any CPU
		{ADB4DCF7-1D43-41EF-9FD3-DA4C36D923AB}.Release|Any CPU.ActiveCfg = Release|Any CPU
		{ADB4DCF7-1D43-41EF-9FD3-DA4C36D923AB}.Release|Any CPU.Build.0 = Release|Any CPU
		{373FD2AD-1EC2-4415-BBA2-6D1098961D03}.Debug|Any CPU.ActiveCfg = Debug|Any CPU
		{373FD2AD-1EC2-4415-BBA2-6D1098961D03}.Debug|Any CPU.Build.0 = Debug|Any CPU
		{373FD2AD-1EC2-4415-BBA2-6D1098961D03}.Release|Any CPU.ActiveCfg = Release|Any CPU
		{373FD2AD-1EC2-4415-BBA2-6D1098961D03}.Release|Any CPU.Build.0 = Release|Any CPU
		{280CF592-7FE9-4DDE-9F9E-42F417F8A0C2}.Debug|Any CPU.ActiveCfg = Debug|Any CPU
		{280CF592-7FE9-4DDE-9F9E-42F417F8A0C2}.Debug|Any CPU.Build.0 = Debug|Any CPU
		{280CF592-7FE9-4DDE-9F9E-42F417F8A0C2}.Release|Any CPU.ActiveCfg = Release|Any CPU
		{280CF592-7FE9-4DDE-9F9E-42F417F8A0C2}.Release|Any CPU.Build.0 = Release|Any CPU
		{0DE531BB-3B5C-47C1-8644-0251F73B31A3}.Debug|Any CPU.ActiveCfg = Debug|Any CPU
		{0DE531BB-3B5C-47C1-8644-0251F73B31A3}.Debug|Any CPU.Build.0 = Debug|Any CPU
		{0DE531BB-3B5C-47C1-8644-0251F73B31A3}.Release|Any CPU.ActiveCfg = Release|Any CPU
		{0DE531BB-3B5C-47C1-8644-0251F73B31A3}.Release|Any CPU.Build.0 = Release|Any CPU
		{6E500FE9-E063-4F07-89EF-C94F8345A0AB}.Debug|Any CPU.ActiveCfg = Debug|Any CPU
		{6E500FE9-E063-4F07-89EF-C94F8345A0AB}.Debug|Any CPU.Build.0 = Debug|Any CPU
		{6E500FE9-E063-4F07-89EF-C94F8345A0AB}.Release|Any CPU.ActiveCfg = Release|Any CPU
		{6E500FE9-E063-4F07-89EF-C94F8345A0AB}.Release|Any CPU.Build.0 = Release|Any CPU
		{F68B4A44-85EF-4DAA-AC28-DB14C10D83C7}.Debug|Any CPU.ActiveCfg = Debug|Any CPU
		{F68B4A44-85EF-4DAA-AC28-DB14C10D83C7}.Debug|Any CPU.Build.0 = Debug|Any CPU
		{F68B4A44-85EF-4DAA-AC28-DB14C10D83C7}.Release|Any CPU.ActiveCfg = Release|Any CPU
		{F68B4A44-85EF-4DAA-AC28-DB14C10D83C7}.Release|Any CPU.Build.0 = Release|Any CPU
		{FE05F883-4F1C-4C8E-AF41-A08B07C799F2}.Debug|Any CPU.ActiveCfg = Debug|Any CPU
		{FE05F883-4F1C-4C8E-AF41-A08B07C799F2}.Debug|Any CPU.Build.0 = Debug|Any CPU
		{FE05F883-4F1C-4C8E-AF41-A08B07C799F2}.Release|Any CPU.ActiveCfg = Release|Any CPU
		{FE05F883-4F1C-4C8E-AF41-A08B07C799F2}.Release|Any CPU.Build.0 = Release|Any CPU
		{26013934-6DF5-49C7-A825-7FC40D651C3A}.Debug|Any CPU.ActiveCfg = Debug|Any CPU
		{26013934-6DF5-49C7-A825-7FC40D651C3A}.Debug|Any CPU.Build.0 = Debug|Any CPU
		{26013934-6DF5-49C7-A825-7FC40D651C3A}.Release|Any CPU.ActiveCfg = Release|Any CPU
		{26013934-6DF5-49C7-A825-7FC40D651C3A}.Release|Any CPU.Build.0 = Release|Any CPU
		{AE3D6DDB-5C46-4149-A74B-4C631FFC1C33}.Debug|Any CPU.ActiveCfg = Debug|Any CPU
		{AE3D6DDB-5C46-4149-A74B-4C631FFC1C33}.Debug|Any CPU.Build.0 = Debug|Any CPU
		{AE3D6DDB-5C46-4149-A74B-4C631FFC1C33}.Release|Any CPU.ActiveCfg = Release|Any CPU
		{AE3D6DDB-5C46-4149-A74B-4C631FFC1C33}.Release|Any CPU.Build.0 = Release|Any CPU
		{BE071C9E-B424-4F70-A1EC-6ECB15399C6E}.Debug|Any CPU.ActiveCfg = Debug|Any CPU
		{BE071C9E-B424-4F70-A1EC-6ECB15399C6E}.Debug|Any CPU.Build.0 = Debug|Any CPU
		{BE071C9E-B424-4F70-A1EC-6ECB15399C6E}.Release|Any CPU.ActiveCfg = Release|Any CPU
		{BE071C9E-B424-4F70-A1EC-6ECB15399C6E}.Release|Any CPU.Build.0 = Release|Any CPU
		{071105CB-3C1A-45C9-BF68-AB68000AC9AE}.Debug|Any CPU.ActiveCfg = Debug|Any CPU
		{071105CB-3C1A-45C9-BF68-AB68000AC9AE}.Debug|Any CPU.Build.0 = Debug|Any CPU
		{071105CB-3C1A-45C9-BF68-AB68000AC9AE}.Release|Any CPU.ActiveCfg = Release|Any CPU
		{071105CB-3C1A-45C9-BF68-AB68000AC9AE}.Release|Any CPU.Build.0 = Release|Any CPU
	EndGlobalSection
	GlobalSection(SolutionProperties) = preSolution
		HideSolutionNode = FALSE
	EndGlobalSection
	GlobalSection(NestedProjects) = preSolution
		{7A23F343-E179-4866-B40C-CC5B8FD87695} = {6EB28909-F4E9-402E-A247-01532AAC6841}
		{F3DB4C50-110C-44BB-A308-B924FA0BE635} = {6EB28909-F4E9-402E-A247-01532AAC6841}
		{700A7499-DF43-4E1D-8519-4A45FAB7C782} = {6EB28909-F4E9-402E-A247-01532AAC6841}
		{71785F78-2960-4329-997B-2CF7677CA594} = {165A87E4-ED4A-4509-A52C-81748DE7286F}
		{EF13B99F-16E1-4F04-BC21-882D146AA7FD} = {6EB28909-F4E9-402E-A247-01532AAC6841}
		{ACF2521C-403C-4C9E-9724-C1B2CC17B2F8} = {165A87E4-ED4A-4509-A52C-81748DE7286F}
		{A4D035C6-DDC6-4064-81F4-3184765B177D} = {165A87E4-ED4A-4509-A52C-81748DE7286F}
		{ADB4DCF7-1D43-41EF-9FD3-DA4C36D923AB} = {165A87E4-ED4A-4509-A52C-81748DE7286F}
		{373FD2AD-1EC2-4415-BBA2-6D1098961D03} = {6EB28909-F4E9-402E-A247-01532AAC6841}
		{280CF592-7FE9-4DDE-9F9E-42F417F8A0C2} = {6EB28909-F4E9-402E-A247-01532AAC6841}
		{0DE531BB-3B5C-47C1-8644-0251F73B31A3} = {165A87E4-ED4A-4509-A52C-81748DE7286F}
		{6E500FE9-E063-4F07-89EF-C94F8345A0AB} = {165A87E4-ED4A-4509-A52C-81748DE7286F}
		{F68B4A44-85EF-4DAA-AC28-DB14C10D83C7} = {165A87E4-ED4A-4509-A52C-81748DE7286F}
		{FE05F883-4F1C-4C8E-AF41-A08B07C799F2} = {165A87E4-ED4A-4509-A52C-81748DE7286F}
		{26013934-6DF5-49C7-A825-7FC40D651C3A} = {B5E90979-D1B2-4B06-90D7-2CDFAA261B00}
		{AE3D6DDB-5C46-4149-A74B-4C631FFC1C33} = {6EB28909-F4E9-402E-A247-01532AAC6841}
	EndGlobalSection
	GlobalSection(ExtensibilityGlobals) = postSolution
		SolutionGuid = {CBCD6EE1-83A9-461C-820C-9D31E0347395}
	EndGlobalSection
EndGlobal
